
Microsoft Visual Studio Solution File, Format Version 12.00
# Visual Studio Version 17
VisualStudioVersion = 17.5.33627.172
MinimumVisualStudioVersion = 10.0.40219.1
Project("{2150E333-8FDC-42A3-9474-1A3956D46DE8}") = "01.Core", "01.Core", "{DB28EB48-1DF4-4AA7-A09B-EBE9981F4840}"
EndProject
Project("{2150E333-8FDC-42A3-9474-1A3956D46DE8}") = "02.ApplicationService", "02.ApplicationService", "{A721A65C-EE09-494B-83E3-4F8E9F026889}"
EndProject
Project("{2150E333-8FDC-42A3-9474-1A3956D46DE8}") = "03.Infrastructure", "03.Infrastructure", "{2775588C-2A5D-496D-ABDA-3CF09B886CBA}"
EndProject
Project("{2150E333-8FDC-42A3-9474-1A3956D46DE8}") = "04.Presentation", "04.Presentation", "{71E29402-94A8-46B7-A86F-2D8DFD0FE54A}"
EndProject
Project("{9A19103F-16F7-4668-BE54-9A1E7A4F7556}") = "Domain", "Domain\Domain.csproj", "{6CB2A503-ED1F-4651-988C-584A51956D60}"
EndProject
Project("{9A19103F-16F7-4668-BE54-9A1E7A4F7556}") = "Services", "Services\Services.csproj", "{846DD8B5-69F8-4789-8FB4-8D7C035E30C1}"
EndProject
Project("{9A19103F-16F7-4668-BE54-9A1E7A4F7556}") = "Infrastructure", "Infrastructure\Infrastructure.csproj", "{AB4F0D1D-B850-4D76-8925-8A239030ED53}"
EndProject
Project("{9A19103F-16F7-4668-BE54-9A1E7A4F7556}") = "Presentation", "Presentation\Presentation.csproj", "{31060D2C-E358-43C4-BDA5-E9AEDA28C98F}"
EndProject
Global
	GlobalSection(SolutionConfigurationPlatforms) = preSolution
		Debug|Any CPU = Debug|Any CPU
		Release|Any CPU = Release|Any CPU
	EndGlobalSection
	GlobalSection(ProjectConfigurationPlatforms) = postSolution
		{6CB2A503-ED1F-4651-988C-584A51956D60}.Debug|Any CPU.ActiveCfg = Debug|Any CPU
		{6CB2A503-ED1F-4651-988C-584A51956D60}.Debug|Any CPU.Build.0 = Debug|Any CPU
		{6CB2A503-ED1F-4651-988C-584A51956D60}.Release|Any CPU.ActiveCfg = Release|Any CPU
		{6CB2A503-ED1F-4651-988C-584A51956D60}.Release|Any CPU.Build.0 = Release|Any CPU
		{846DD8B5-69F8-4789-8FB4-8D7C035E30C1}.Debug|Any CPU.ActiveCfg = Debug|Any CPU
		{846DD8B5-69F8-4789-8FB4-8D7C035E30C1}.Debug|Any CPU.Build.0 = Debug|Any CPU
		{846DD8B5-69F8-4789-8FB4-8D7C035E30C1}.Release|Any CPU.ActiveCfg = Release|Any CPU
		{846DD8B5-69F8-4789-8FB4-8D7C035E30C1}.Release|Any CPU.Build.0 = Release|Any CPU
		{AB4F0D1D-B850-4D76-8925-8A239030ED53}.Debug|Any CPU.ActiveCfg = Debug|Any CPU
		{AB4F0D1D-B850-4D76-8925-8A239030ED53}.Debug|Any CPU.Build.0 = Debug|Any CPU
		{AB4F0D1D-B850-4D76-8925-8A239030ED53}.Release|Any CPU.ActiveCfg = Release|Any CPU
		{AB4F0D1D-B850-4D76-8925-8A239030ED53}.Release|Any CPU.Build.0 = Release|Any CPU
		{31060D2C-E358-43C4-BDA5-E9AEDA28C98F}.Debug|Any CPU.ActiveCfg = Debug|Any CPU
		{31060D2C-E358-43C4-BDA5-E9AEDA28C98F}.Debug|Any CPU.Build.0 = Debug|Any CPU
		{31060D2C-E358-43C4-BDA5-E9AEDA28C98F}.Release|Any CPU.ActiveCfg = Release|Any CPU
		{31060D2C-E358-43C4-BDA5-E9AEDA28C98F}.Release|Any CPU.Build.0 = Release|Any CPU
	EndGlobalSection
	GlobalSection(SolutionProperties) = preSolution
		HideSolutionNode = FALSE
	EndGlobalSection
	GlobalSection(NestedProjects) = preSolution
		{6CB2A503-ED1F-4651-988C-584A51956D60} = {DB28EB48-1DF4-4AA7-A09B-EBE9981F4840}
		{846DD8B5-69F8-4789-8FB4-8D7C035E30C1} = {A721A65C-EE09-494B-83E3-4F8E9F026889}
		{AB4F0D1D-B850-4D76-8925-8A239030ED53} = {2775588C-2A5D-496D-ABDA-3CF09B886CBA}
		{31060D2C-E358-43C4-BDA5-E9AEDA28C98F} = {71E29402-94A8-46B7-A86F-2D8DFD0FE54A}
	EndGlobalSection
	GlobalSection(ExtensibilityGlobals) = postSolution
		SolutionGuid = {3DE92285-8FCC-4ACC-884F-FB2BAB9F79F9}
	EndGlobalSection
EndGlobal
